// !$*UTF8*$!
{
	archiveVersion = 1;
	classes = {
	};
	objectVersion = 46;
	objects = {

/* Begin PBXBuildFile section */
		2D4883311B7A4E59001CA967 /* background.jpg in Resources */ = {isa = PBXBuildFile; fileRef = 2D4883301B7A4E59001CA967 /* background.jpg */; };
		2D4883361B7A8D09001CA967 /* ArtistController.m in Sources */ = {isa = PBXBuildFile; fileRef = 2D4883331B7A8D09001CA967 /* ArtistController.m */; };
		2D4883371B7A8D09001CA967 /* LoginController.m in Sources */ = {isa = PBXBuildFile; fileRef = 2D4883351B7A8D09001CA967 /* LoginController.m */; };
		2D7BC39F1B79165900D4A229 /* main.m in Sources */ = {isa = PBXBuildFile; fileRef = 2D7BC39E1B79165900D4A229 /* main.m */; };
		2D7BC3A21B79165900D4A229 /* AppDelegate.m in Sources */ = {isa = PBXBuildFile; fileRef = 2D7BC3A11B79165900D4A229 /* AppDelegate.m */; };
		2D7BC3A51B79165900D4A229 /* ViewController.m in Sources */ = {isa = PBXBuildFile; fileRef = 2D7BC3A41B79165900D4A229 /* ViewController.m */; };
		2D7BC3A81B79165900D4A229 /* Main.storyboard in Resources */ = {isa = PBXBuildFile; fileRef = 2D7BC3A61B79165900D4A229 /* Main.storyboard */; };
		2D7BC3AA1B79165900D4A229 /* Images.xcassets in Resources */ = {isa = PBXBuildFile; fileRef = 2D7BC3A91B79165900D4A229 /* Images.xcassets */; };
		2D7BC3AD1B79165900D4A229 /* LaunchScreen.xib in Resources */ = {isa = PBXBuildFile; fileRef = 2D7BC3AB1B79165900D4A229 /* LaunchScreen.xib */; };
		2D7BC3B91B79165900D4A229 /* SpotifyStreamerTests.m in Sources */ = {isa = PBXBuildFile; fileRef = 2D7BC3B81B79165900D4A229 /* SpotifyStreamerTests.m */; };
		2D7BC3C41B792F8F00D4A229 /* Spotify.framework in Frameworks */ = {isa = PBXBuildFile; fileRef = 2D7BC3C31B792F8F00D4A229 /* Spotify.framework */; };
		2D7BC3C61B79397000D4A229 /* AVFoundation.framework in Frameworks */ = {isa = PBXBuildFile; fileRef = 2D7BC3C51B79397000D4A229 /* AVFoundation.framework */; };
		2D7BC3C81B79398400D4A229 /* SystemConfiguration.framework in Frameworks */ = {isa = PBXBuildFile; fileRef = 2D7BC3C71B79398400D4A229 /* SystemConfiguration.framework */; };
		C7BC5CCB1E97D9B47481511F /* libPods-SpotifyStreamer.a in Frameworks */ = {isa = PBXBuildFile; fileRef = B1019D3800FE64C95726C72F /* libPods-SpotifyStreamer.a */; };
/* End PBXBuildFile section */

/* Begin PBXContainerItemProxy section */
		2D7BC3B31B79165900D4A229 /* PBXContainerItemProxy */ = {
			isa = PBXContainerItemProxy;
			containerPortal = 2D7BC3911B79165900D4A229 /* Project object */;
			proxyType = 1;
			remoteGlobalIDString = 2D7BC3981B79165900D4A229;
			remoteInfo = SpotifyStreamer;
		};
/* End PBXContainerItemProxy section */

/* Begin PBXFileReference section */
		2D4883251B7A3BB7001CA967 /* config.h */ = {isa = PBXFileReference; fileEncoding = 4; lastKnownFileType = sourcecode.c.h; path = config.h; sourceTree = "<group>"; };
		2D4883301B7A4E59001CA967 /* background.jpg */ = {isa = PBXFileReference; lastKnownFileType = image.jpeg; path = background.jpg; sourceTree = "<group>"; };
		2D4883321B7A8D09001CA967 /* ArtistController.h */ = {isa = PBXFileReference; fileEncoding = 4; lastKnownFileType = sourcecode.c.h; path = ArtistController.h; sourceTree = "<group>"; };
		2D4883331B7A8D09001CA967 /* ArtistController.m */ = {isa = PBXFileReference; fileEncoding = 4; lastKnownFileType = sourcecode.c.objc; path = ArtistController.m; sourceTree = "<group>"; };
		2D4883341B7A8D09001CA967 /* LoginController.h */ = {isa = PBXFileReference; fileEncoding = 4; lastKnownFileType = sourcecode.c.h; path = LoginController.h; sourceTree = "<group>"; };
		2D4883351B7A8D09001CA967 /* LoginController.m */ = {isa = PBXFileReference; fileEncoding = 4; lastKnownFileType = sourcecode.c.objc; path = LoginController.m; sourceTree = "<group>"; };
		2D7BC3991B79165900D4A229 /* SpotifyStreamer.app */ = {isa = PBXFileReference; explicitFileType = wrapper.application; includeInIndex = 0; path = SpotifyStreamer.app; sourceTree = BUILT_PRODUCTS_DIR; };
		2D7BC39D1B79165900D4A229 /* Info.plist */ = {isa = PBXFileReference; lastKnownFileType = text.plist.xml; path = Info.plist; sourceTree = "<group>"; };
		2D7BC39E1B79165900D4A229 /* main.m */ = {isa = PBXFileReference; lastKnownFileType = sourcecode.c.objc; path = main.m; sourceTree = "<group>"; };
		2D7BC3A01B79165900D4A229 /* AppDelegate.h */ = {isa = PBXFileReference; lastKnownFileType = sourcecode.c.h; path = AppDelegate.h; sourceTree = "<group>"; };
		2D7BC3A11B79165900D4A229 /* AppDelegate.m */ = {isa = PBXFileReference; lastKnownFileType = sourcecode.c.objc; path = AppDelegate.m; sourceTree = "<group>"; };
		2D7BC3A31B79165900D4A229 /* ViewController.h */ = {isa = PBXFileReference; lastKnownFileType = sourcecode.c.h; path = ViewController.h; sourceTree = "<group>"; };
		2D7BC3A41B79165900D4A229 /* ViewController.m */ = {isa = PBXFileReference; lastKnownFileType = sourcecode.c.objc; path = ViewController.m; sourceTree = "<group>"; };
		2D7BC3A71B79165900D4A229 /* Base */ = {isa = PBXFileReference; lastKnownFileType = file.storyboard; name = Base; path = Base.lproj/Main.storyboard; sourceTree = "<group>"; };
		2D7BC3A91B79165900D4A229 /* Images.xcassets */ = {isa = PBXFileReference; lastKnownFileType = folder.assetcatalog; path = Images.xcassets; sourceTree = "<group>"; };
		2D7BC3AC1B79165900D4A229 /* Base */ = {isa = PBXFileReference; lastKnownFileType = file.xib; name = Base; path = Base.lproj/LaunchScreen.xib; sourceTree = "<group>"; };
		2D7BC3B21B79165900D4A229 /* SpotifyStreamerTests.xctest */ = {isa = PBXFileReference; explicitFileType = wrapper.cfbundle; includeInIndex = 0; path = SpotifyStreamerTests.xctest; sourceTree = BUILT_PRODUCTS_DIR; };
		2D7BC3B71B79165900D4A229 /* Info.plist */ = {isa = PBXFileReference; lastKnownFileType = text.plist.xml; path = Info.plist; sourceTree = "<group>"; };
		2D7BC3B81B79165900D4A229 /* SpotifyStreamerTests.m */ = {isa = PBXFileReference; lastKnownFileType = sourcecode.c.objc; path = SpotifyStreamerTests.m; sourceTree = "<group>"; };
		2D7BC3C31B792F8F00D4A229 /* Spotify.framework */ = {isa = PBXFileReference; lastKnownFileType = wrapper.framework; path = Spotify.framework; sourceTree = "<group>"; };
		2D7BC3C51B79397000D4A229 /* AVFoundation.framework */ = {isa = PBXFileReference; lastKnownFileType = wrapper.framework; name = AVFoundation.framework; path = System/Library/Frameworks/AVFoundation.framework; sourceTree = SDKROOT; };
		2D7BC3C71B79398400D4A229 /* SystemConfiguration.framework */ = {isa = PBXFileReference; lastKnownFileType = wrapper.framework; name = SystemConfiguration.framework; path = System/Library/Frameworks/SystemConfiguration.framework; sourceTree = SDKROOT; };
		B1019D3800FE64C95726C72F /* libPods-SpotifyStreamer.a */ = {isa = PBXFileReference; explicitFileType = archive.ar; includeInIndex = 0; path = "libPods-SpotifyStreamer.a"; sourceTree = BUILT_PRODUCTS_DIR; };
		DBF53B0CC044060D0E5232F5 /* Pods-SpotifyStreamer.debug.xcconfig */ = {isa = PBXFileReference; includeInIndex = 1; lastKnownFileType = text.xcconfig; name = "Pods-SpotifyStreamer.debug.xcconfig"; path = "Pods/Target Support Files/Pods-SpotifyStreamer/Pods-SpotifyStreamer.debug.xcconfig"; sourceTree = "<group>"; };
		E01EB6708AC158E44ADB8860 /* Pods-SpotifyStreamer.release.xcconfig */ = {isa = PBXFileReference; includeInIndex = 1; lastKnownFileType = text.xcconfig; name = "Pods-SpotifyStreamer.release.xcconfig"; path = "Pods/Target Support Files/Pods-SpotifyStreamer/Pods-SpotifyStreamer.release.xcconfig"; sourceTree = "<group>"; };
/* End PBXFileReference section */

/* Begin PBXFrameworksBuildPhase section */
		2D7BC3961B79165900D4A229 /* Frameworks */ = {
			isa = PBXFrameworksBuildPhase;
			buildActionMask = 2147483647;
			files = (
				2D7BC3C81B79398400D4A229 /* SystemConfiguration.framework in Frameworks */,
				2D7BC3C61B79397000D4A229 /* AVFoundation.framework in Frameworks */,
				2D7BC3C41B792F8F00D4A229 /* Spotify.framework in Frameworks */,
				C7BC5CCB1E97D9B47481511F /* libPods-SpotifyStreamer.a in Frameworks */,
			);
			runOnlyForDeploymentPostprocessing = 0;
		};
		2D7BC3AF1B79165900D4A229 /* Frameworks */ = {
			isa = PBXFrameworksBuildPhase;
			buildActionMask = 2147483647;
			files = (
			);
			runOnlyForDeploymentPostprocessing = 0;
		};
/* End PBXFrameworksBuildPhase section */

/* Begin PBXGroup section */
		2D4883281B7A432D001CA967 /* ViewControllers */ = {
			isa = PBXGroup;
			children = (
				2D4883321B7A8D09001CA967 /* ArtistController.h */,
				2D4883331B7A8D09001CA967 /* ArtistController.m */,
				2D4883341B7A8D09001CA967 /* LoginController.h */,
				2D4883351B7A8D09001CA967 /* LoginController.m */,
			);
			name = ViewControllers;
			path = SpotifyStreamer/ViewControllers;
			sourceTree = "<group>";
		};
		2D48832F1B7A4E4E001CA967 /* images */ = {
			isa = PBXGroup;
			children = (
				2D4883301B7A4E59001CA967 /* background.jpg */,
			);
			name = images;
			path = SpotifyStreamer/images;
			sourceTree = "<group>";
		};
		2D4883381B7A9256001CA967 /* Data Model */ = {
			isa = PBXGroup;
			children = (
			);
			name = "Data Model";
			path = "SpotifyStreamer/Data Model";
			sourceTree = "<group>";
		};
		2D7BC3901B79165900D4A229 = {
			isa = PBXGroup;
			children = (
				2D4883381B7A9256001CA967 /* Data Model */,
				2D48832F1B7A4E4E001CA967 /* images */,
				2D4883281B7A432D001CA967 /* ViewControllers */,
				2D7BC3C21B792F5000D4A229 /* Frameworks */,
				2D7BC39B1B79165900D4A229 /* SpotifyStreamer */,
				2D7BC3B51B79165900D4A229 /* SpotifyStreamerTests */,
				2D7BC39A1B79165900D4A229 /* Products */,
				AD2360B90E3CB74AADECEA96 /* Pods */,
			);
			sourceTree = "<group>";
		};
		2D7BC39A1B79165900D4A229 /* Products */ = {
			isa = PBXGroup;
			children = (
				2D7BC3991B79165900D4A229 /* SpotifyStreamer.app */,
				2D7BC3B21B79165900D4A229 /* SpotifyStreamerTests.xctest */,
			);
			name = Products;
			sourceTree = "<group>";
		};
		2D7BC39B1B79165900D4A229 /* SpotifyStreamer */ = {
			isa = PBXGroup;
			children = (
				2D7BC3A01B79165900D4A229 /* AppDelegate.h */,
				2D7BC3A11B79165900D4A229 /* AppDelegate.m */,
				2D7BC3A31B79165900D4A229 /* ViewController.h */,
				2D7BC3A41B79165900D4A229 /* ViewController.m */,
				2D7BC3A61B79165900D4A229 /* Main.storyboard */,
				2D7BC3A91B79165900D4A229 /* Images.xcassets */,
				2D7BC3AB1B79165900D4A229 /* LaunchScreen.xib */,
				2D7BC39C1B79165900D4A229 /* Supporting Files */,
				2D4883251B7A3BB7001CA967 /* config.h */,
			);
			path = SpotifyStreamer;
			sourceTree = "<group>";
		};
		2D7BC39C1B79165900D4A229 /* Supporting Files */ = {
			isa = PBXGroup;
			children = (
				2D7BC39D1B79165900D4A229 /* Info.plist */,
				2D7BC39E1B79165900D4A229 /* main.m */,
			);
			name = "Supporting Files";
			sourceTree = "<group>";
		};
		2D7BC3B51B79165900D4A229 /* SpotifyStreamerTests */ = {
			isa = PBXGroup;
			children = (
				2D7BC3B81B79165900D4A229 /* SpotifyStreamerTests.m */,
				2D7BC3B61B79165900D4A229 /* Supporting Files */,
			);
			path = SpotifyStreamerTests;
			sourceTree = "<group>";
		};
		2D7BC3B61B79165900D4A229 /* Supporting Files */ = {
			isa = PBXGroup;
			children = (
				2D7BC3B71B79165900D4A229 /* Info.plist */,
			);
			name = "Supporting Files";
			sourceTree = "<group>";
		};
		2D7BC3C21B792F5000D4A229 /* Frameworks */ = {
			isa = PBXGroup;
			children = (
				2D7BC3C71B79398400D4A229 /* SystemConfiguration.framework */,
				2D7BC3C51B79397000D4A229 /* AVFoundation.framework */,
				2D7BC3C31B792F8F00D4A229 /* Spotify.framework */,
				B1019D3800FE64C95726C72F /* libPods-SpotifyStreamer.a */,
			);
			name = Frameworks;
			path = SpotifyStreamer/Frameworks;
			sourceTree = "<group>";
		};
		AD2360B90E3CB74AADECEA96 /* Pods */ = {
			isa = PBXGroup;
			children = (
				DBF53B0CC044060D0E5232F5 /* Pods-SpotifyStreamer.debug.xcconfig */,
				E01EB6708AC158E44ADB8860 /* Pods-SpotifyStreamer.release.xcconfig */,
			);
			name = Pods;
			sourceTree = "<group>";
		};
/* End PBXGroup section */

/* Begin PBXNativeTarget section */
		2D7BC3981B79165900D4A229 /* SpotifyStreamer */ = {
			isa = PBXNativeTarget;
			buildConfigurationList = 2D7BC3BC1B79165900D4A229 /* Build configuration list for PBXNativeTarget "SpotifyStreamer" */;
			buildPhases = (
				8CBEB830C547F2137A007450 /* Check Pods Manifest.lock */,
				2D7BC3951B79165900D4A229 /* Sources */,
				2D7BC3961B79165900D4A229 /* Frameworks */,
				2D7BC3971B79165900D4A229 /* Resources */,
				ED94134EC7E43B08910BE2BB /* Copy Pods Resources */,
			);
			buildRules = (
			);
			dependencies = (
			);
			name = SpotifyStreamer;
			productName = SpotifyStreamer;
			productReference = 2D7BC3991B79165900D4A229 /* SpotifyStreamer.app */;
			productType = "com.apple.product-type.application";
		};
		2D7BC3B11B79165900D4A229 /* SpotifyStreamerTests */ = {
			isa = PBXNativeTarget;
			buildConfigurationList = 2D7BC3BF1B79165900D4A229 /* Build configuration list for PBXNativeTarget "SpotifyStreamerTests" */;
			buildPhases = (
				2D7BC3AE1B79165900D4A229 /* Sources */,
				2D7BC3AF1B79165900D4A229 /* Frameworks */,
				2D7BC3B01B79165900D4A229 /* Resources */,
			);
			buildRules = (
			);
			dependencies = (
				2D7BC3B41B79165900D4A229 /* PBXTargetDependency */,
			);
			name = SpotifyStreamerTests;
			productName = SpotifyStreamerTests;
			productReference = 2D7BC3B21B79165900D4A229 /* SpotifyStreamerTests.xctest */;
			productType = "com.apple.product-type.bundle.unit-test";
		};
/* End PBXNativeTarget section */

/* Begin PBXProject section */
		2D7BC3911B79165900D4A229 /* Project object */ = {
			isa = PBXProject;
			attributes = {
				LastUpgradeCheck = 0640;
				ORGANIZATIONNAME = "Oscar Sanchez";
				TargetAttributes = {
					2D7BC3981B79165900D4A229 = {
						CreatedOnToolsVersion = 6.4;
					};
					2D7BC3B11B79165900D4A229 = {
						CreatedOnToolsVersion = 6.4;
						TestTargetID = 2D7BC3981B79165900D4A229;
					};
				};
			};
			buildConfigurationList = 2D7BC3941B79165900D4A229 /* Build configuration list for PBXProject "SpotifyStreamer" */;
			compatibilityVersion = "Xcode 3.2";
			developmentRegion = English;
			hasScannedForEncodings = 0;
			knownRegions = (
				en,
				Base,
			);
			mainGroup = 2D7BC3901B79165900D4A229;
			productRefGroup = 2D7BC39A1B79165900D4A229 /* Products */;
			projectDirPath = "";
			projectRoot = "";
			targets = (
				2D7BC3981B79165900D4A229 /* SpotifyStreamer */,
				2D7BC3B11B79165900D4A229 /* SpotifyStreamerTests */,
			);
		};
/* End PBXProject section */

/* Begin PBXResourcesBuildPhase section */
		2D7BC3971B79165900D4A229 /* Resources */ = {
			isa = PBXResourcesBuildPhase;
			buildActionMask = 2147483647;
			files = (
				2D7BC3A81B79165900D4A229 /* Main.storyboard in Resources */,
				2D4883311B7A4E59001CA967 /* background.jpg in Resources */,
				2D7BC3AD1B79165900D4A229 /* LaunchScreen.xib in Resources */,
				2D7BC3AA1B79165900D4A229 /* Images.xcassets in Resources */,
			);
			runOnlyForDeploymentPostprocessing = 0;
		};
		2D7BC3B01B79165900D4A229 /* Resources */ = {
			isa = PBXResourcesBuildPhase;
			buildActionMask = 2147483647;
			files = (
			);
			runOnlyForDeploymentPostprocessing = 0;
		};
/* End PBXResourcesBuildPhase section */

/* Begin PBXShellScriptBuildPhase section */
		8CBEB830C547F2137A007450 /* Check Pods Manifest.lock */ = {
			isa = PBXShellScriptBuildPhase;
			buildActionMask = 2147483647;
			files = (
			);
			inputPaths = (
			);
			name = "Check Pods Manifest.lock";
			outputPaths = (
			);
			runOnlyForDeploymentPostprocessing = 0;
			shellPath = /bin/sh;
			shellScript = "diff \"${PODS_ROOT}/../Podfile.lock\" \"${PODS_ROOT}/Manifest.lock\" > /dev/null\nif [[ $? != 0 ]] ; then\n    cat << EOM\nerror: The sandbox is not in sync with the Podfile.lock. Run 'pod install' or update your CocoaPods installation.\nEOM\n    exit 1\nfi\n";
			showEnvVarsInLog = 0;
		};
		ED94134EC7E43B08910BE2BB /* Copy Pods Resources */ = {
			isa = PBXShellScriptBuildPhase;
			buildActionMask = 2147483647;
			files = (
			);
			inputPaths = (
			);
			name = "Copy Pods Resources";
			outputPaths = (
			);
			runOnlyForDeploymentPostprocessing = 0;
			shellPath = /bin/sh;
			shellScript = "\"${SRCROOT}/Pods/Target Support Files/Pods-SpotifyStreamer/Pods-SpotifyStreamer-resources.sh\"\n";
			showEnvVarsInLog = 0;
		};
/* End PBXShellScriptBuildPhase section */

/* Begin PBXSourcesBuildPhase section */
		2D7BC3951B79165900D4A229 /* Sources */ = {
			isa = PBXSourcesBuildPhase;
			buildActionMask = 2147483647;
			files = (
				2D4883371B7A8D09001CA967 /* LoginController.m in Sources */,
				2D4883361B7A8D09001CA967 /* ArtistController.m in Sources */,
				2D7BC3A51B79165900D4A229 /* ViewController.m in Sources */,
				2D7BC3A21B79165900D4A229 /* AppDelegate.m in Sources */,
				2D7BC39F1B79165900D4A229 /* main.m in Sources */,
			);
			runOnlyForDeploymentPostprocessing = 0;
		};
		2D7BC3AE1B79165900D4A229 /* Sources */ = {
			isa = PBXSourcesBuildPhase;
			buildActionMask = 2147483647;
			files = (
				2D7BC3B91B79165900D4A229 /* SpotifyStreamerTests.m in Sources */,
			);
			runOnlyForDeploymentPostprocessing = 0;
		};
/* End PBXSourcesBuildPhase section */

/* Begin PBXTargetDependency section */
		2D7BC3B41B79165900D4A229 /* PBXTargetDependency */ = {
			isa = PBXTargetDependency;
			target = 2D7BC3981B79165900D4A229 /* SpotifyStreamer */;
			targetProxy = 2D7BC3B31B79165900D4A229 /* PBXContainerItemProxy */;
		};
/* End PBXTargetDependency section */

/* Begin PBXVariantGroup section */
		2D7BC3A61B79165900D4A229 /* Main.storyboard */ = {
			isa = PBXVariantGroup;
			children = (
				2D7BC3A71B79165900D4A229 /* Base */,
			);
			name = Main.storyboard;
			sourceTree = "<group>";
		};
		2D7BC3AB1B79165900D4A229 /* LaunchScreen.xib */ = {
			isa = PBXVariantGroup;
			children = (
				2D7BC3AC1B79165900D4A229 /* Base */,
			);
			name = LaunchScreen.xib;
			sourceTree = "<group>";
		};
/* End PBXVariantGroup section */

/* Begin XCBuildConfiguration section */
		2D7BC3BA1B79165900D4A229 /* Debug */ = {
			isa = XCBuildConfiguration;
			buildSettings = {
				ALWAYS_SEARCH_USER_PATHS = NO;
				CLANG_CXX_LANGUAGE_STANDARD = "gnu++0x";
				CLANG_CXX_LIBRARY = "libc++";
				CLANG_ENABLE_MODULES = YES;
				CLANG_ENABLE_OBJC_ARC = YES;
				CLANG_WARN_BOOL_CONVERSION = YES;
				CLANG_WARN_CONSTANT_CONVERSION = YES;
				CLANG_WARN_DIRECT_OBJC_ISA_USAGE = YES_ERROR;
				CLANG_WARN_EMPTY_BODY = YES;
				CLANG_WARN_ENUM_CONVERSION = YES;
				CLANG_WARN_INT_CONVERSION = YES;
				CLANG_WARN_OBJC_ROOT_CLASS = YES_ERROR;
				CLANG_WARN_UNREACHABLE_CODE = YES;
				CLANG_WARN__DUPLICATE_METHOD_MATCH = YES;
				"CODE_SIGN_IDENTITY[sdk=iphoneos*]" = "iPhone Developer";
				COPY_PHASE_STRIP = NO;
				DEBUG_INFORMATION_FORMAT = "dwarf-with-dsym";
				ENABLE_STRICT_OBJC_MSGSEND = YES;
				GCC_C_LANGUAGE_STANDARD = gnu99;
				GCC_DYNAMIC_NO_PIC = NO;
				GCC_NO_COMMON_BLOCKS = YES;
				GCC_OPTIMIZATION_LEVEL = 0;
				GCC_PREPROCESSOR_DEFINITIONS = (
					"DEBUG=1",
					"$(inherited)",
				);
				GCC_SYMBOLS_PRIVATE_EXTERN = NO;
				GCC_WARN_64_TO_32_BIT_CONVERSION = YES;
				GCC_WARN_ABOUT_RETURN_TYPE = YES_ERROR;
				GCC_WARN_UNDECLARED_SELECTOR = YES;
				GCC_WARN_UNINITIALIZED_AUTOS = YES_AGGRESSIVE;
				GCC_WARN_UNUSED_FUNCTION = YES;
				GCC_WARN_UNUSED_VARIABLE = YES;
				IPHONEOS_DEPLOYMENT_TARGET = 8.4;
				MTL_ENABLE_DEBUG_INFO = YES;
				ONLY_ACTIVE_ARCH = YES;
				SDKROOT = iphoneos;
				TARGETED_DEVICE_FAMILY = "1,2";
			};
			name = Debug;
		};
		2D7BC3BB1B79165900D4A229 /* Release */ = {
			isa = XCBuildConfiguration;
			buildSettings = {
				ALWAYS_SEARCH_USER_PATHS = NO;
				CLANG_CXX_LANGUAGE_STANDARD = "gnu++0x";
				CLANG_CXX_LIBRARY = "libc++";
				CLANG_ENABLE_MODULES = YES;
				CLANG_ENABLE_OBJC_ARC = YES;
				CLANG_WARN_BOOL_CONVERSION = YES;
				CLANG_WARN_CONSTANT_CONVERSION = YES;
				CLANG_WARN_DIRECT_OBJC_ISA_USAGE = YES_ERROR;
				CLANG_WARN_EMPTY_BODY = YES;
				CLANG_WARN_ENUM_CONVERSION = YES;
				CLANG_WARN_INT_CONVERSION = YES;
				CLANG_WARN_OBJC_ROOT_CLASS = YES_ERROR;
				CLANG_WARN_UNREACHABLE_CODE = YES;
				CLANG_WARN__DUPLICATE_METHOD_MATCH = YES;
				"CODE_SIGN_IDENTITY[sdk=iphoneos*]" = "iPhone Developer";
				COPY_PHASE_STRIP = NO;
				DEBUG_INFORMATION_FORMAT = "dwarf-with-dsym";
				ENABLE_NS_ASSERTIONS = NO;
				ENABLE_STRICT_OBJC_MSGSEND = YES;
				GCC_C_LANGUAGE_STANDARD = gnu99;
				GCC_NO_COMMON_BLOCKS = YES;
				GCC_WARN_64_TO_32_BIT_CONVERSION = YES;
				GCC_WARN_ABOUT_RETURN_TYPE = YES_ERROR;
				GCC_WARN_UNDECLARED_SELECTOR = YES;
				GCC_WARN_UNINITIALIZED_AUTOS = YES_AGGRESSIVE;
				GCC_WARN_UNUSED_FUNCTION = YES;
				GCC_WARN_UNUSED_VARIABLE = YES;
				IPHONEOS_DEPLOYMENT_TARGET = 8.4;
				MTL_ENABLE_DEBUG_INFO = NO;
				SDKROOT = iphoneos;
				TARGETED_DEVICE_FAMILY = "1,2";
				VALIDATE_PRODUCT = YES;
			};
			name = Release;
		};
		2D7BC3BD1B79165900D4A229 /* Debug */ = {
			isa = XCBuildConfiguration;
			baseConfigurationReference = DBF53B0CC044060D0E5232F5 /* Pods-SpotifyStreamer.debug.xcconfig */;
			buildSettings = {
				ASSETCATALOG_COMPILER_APPICON_NAME = AppIcon;
				FRAMEWORK_SEARCH_PATHS = (
					"$(inherited)",
					"$(PROJECT_DIR)/SpotifyStreamer/Frameworks",
				);
				INFOPLIST_FILE = SpotifyStreamer/Info.plist;
				LD_RUNPATH_SEARCH_PATHS = "$(inherited) @executable_path/Frameworks";
				OTHER_LDFLAGS = "-ObjC";
				PRODUCT_NAME = "$(TARGET_NAME)";
			};
			name = Debug;
		};
		2D7BC3BE1B79165900D4A229 /* Release */ = {
			isa = XCBuildConfiguration;
			baseConfigurationReference = E01EB6708AC158E44ADB8860 /* Pods-SpotifyStreamer.release.xcconfig */;
			buildSettings = {
				ASSETCATALOG_COMPILER_APPICON_NAME = AppIcon;
				FRAMEWORK_SEARCH_PATHS = (
					"$(inherited)",
					"$(PROJECT_DIR)/SpotifyStreamer/Frameworks",
				);
				INFOPLIST_FILE = SpotifyStreamer/Info.plist;
				LD_RUNPATH_SEARCH_PATHS = "$(inherited) @executable_path/Frameworks";
				OTHER_LDFLAGS = "-ObjC";
				PRODUCT_NAME = "$(TARGET_NAME)";
			};
			name = Release;
		};
		2D7BC3C01B79165900D4A229 /* Debug */ = {
			isa = XCBuildConfiguration;
			buildSettings = {
				BUNDLE_LOADER = "$(TEST_HOST)";
				FRAMEWORK_SEARCH_PATHS = (
					"$(SDKROOT)/Developer/Library/Frameworks",
					"$(inherited)",
				);
				GCC_PREPROCESSOR_DEFINITIONS = (
					"DEBUG=1",
					"$(inherited)",
				);
				INFOPLIST_FILE = SpotifyStreamerTests/Info.plist;
				LD_RUNPATH_SEARCH_PATHS = "$(inherited) @executable_path/Frameworks @loader_path/Frameworks";
				PRODUCT_NAME = "$(TARGET_NAME)";
				TEST_HOST = "$(BUILT_PRODUCTS_DIR)/SpotifyStreamer.app/SpotifyStreamer";
			};
			name = Debug;
		};
		2D7BC3C11B79165900D4A229 /* Release */ = {
			isa = XCBuildConfiguration;
			buildSettings = {
				BUNDLE_LOADER = "$(TEST_HOST)";
				FRAMEWORK_SEARCH_PATHS = (
					"$(SDKROOT)/Developer/Library/Frameworks",
					"$(inherited)",
				);
				INFOPLIST_FILE = SpotifyStreamerTests/Info.plist;
				LD_RUNPATH_SEARCH_PATHS = "$(inherited) @executable_path/Frameworks @loader_path/Frameworks";
				PRODUCT_NAME = "$(TARGET_NAME)";
				TEST_HOST = "$(BUILT_PRODUCTS_DIR)/SpotifyStreamer.app/SpotifyStreamer";
			};
			name = Release;
		};
/* End XCBuildConfiguration section */

/* Begin XCConfigurationList section */
		2D7BC3941B79165900D4A229 /* Build configuration list for PBXProject "SpotifyStreamer" */ = {
			isa = XCConfigurationList;
			buildConfigurations = (
				2D7BC3BA1B79165900D4A229 /* Debug */,
				2D7BC3BB1B79165900D4A229 /* Release */,
			);
			defaultConfigurationIsVisible = 0;
			defaultConfigurationName = Release;
		};
		2D7BC3BC1B79165900D4A229 /* Build configuration list for PBXNativeTarget "SpotifyStreamer" */ = {
			isa = XCConfigurationList;
			buildConfigurations = (
				2D7BC3BD1B79165900D4A229 /* Debug */,
				2D7BC3BE1B79165900D4A229 /* Release */,
			);
			defaultConfigurationIsVisible = 0;
			defaultConfigurationName = Release;
		};
		2D7BC3BF1B79165900D4A229 /* Build configuration list for PBXNativeTarget "SpotifyStreamerTests" */ = {
			isa = XCConfigurationList;
			buildConfigurations = (
				2D7BC3C01B79165900D4A229 /* Debug */,
				2D7BC3C11B79165900D4A229 /* Release */,
			);
			defaultConfigurationIsVisible = 0;
			defaultConfigurationName = Release;
		};
/* End XCConfigurationList section */
	};
	rootObject = 2D7BC3911B79165900D4A229 /* Project object */;
}
